
Microsoft Visual Studio Solution File, Format Version 12.00
# Visual Studio Version 17
VisualStudioVersion = 17.1.32319.34
MinimumVisualStudioVersion = 10.0.40219.1
Project("{FAE04EC0-301F-11D3-BF4B-00C04F79EFBC}") = "frenchFlag", "frenchFlag\frenchFlag.csproj", "{A9C528F0-B387-464F-B054-F154DDFDAE16}"
EndProject
Global
	GlobalSection(SolutionConfigurationPlatforms) = preSolution
		Debug|Any CPU = Debug|Any CPU
		Release|Any CPU = Release|Any CPU
	EndGlobalSection
	GlobalSection(ProjectConfigurationPlatforms) = postSolution
		{A9C528F0-B387-464F-B054-F154DDFDAE16}.Debug|Any CPU.ActiveCfg = Debug|Any CPU
		{A9C528F0-B387-464F-B054-F154DDFDAE16}.Debug|Any CPU.Build.0 = Debug|Any CPU
		{A9C528F0-B387-464F-B054-F154DDFDAE16}.Release|Any CPU.ActiveCfg = Release|Any CPU
		{A9C528F0-B387-464F-B054-F154DDFDAE16}.Release|Any CPU.Build.0 = Release|Any CPU
	EndGlobalSection
	GlobalSection(SolutionProperties) = preSolution
		HideSolutionNode = FALSE
	EndGlobalSection
	GlobalSection(ExtensibilityGlobals) = postSolution
		SolutionGuid = {DCADD405-D095-416F-8CC1-1FAA44E9B4CD}
	EndGlobalSection
EndGlobal
